
Microsoft Visual Studio Solution File, Format Version 12.00
# Visual Studio Version 17
VisualStudioVersion = 17.14.36202.13 d17.14
MinimumVisualStudioVersion = 10.0.40219.1
Project("{FAE04EC0-301F-11D3-BF4B-00C04F79EFBC}") = "fontify", "fontify.csproj", "{32CFC5D1-94E4-4151-97DD-F2FE35690C2D}"
EndProject
Global
	GlobalSection(SolutionConfigurationPlatforms) = preSolution
		Debug|Any CPU = Debug|Any CPU
		Release|Any CPU = Release|Any CPU
	EndGlobalSection
	GlobalSection(ProjectConfigurationPlatforms) = postSolution
		{32CFC5D1-94E4-4151-97DD-F2FE35690C2D}.Debug|Any CPU.ActiveCfg = Debug|Any CPU
		{32CFC5D1-94E4-4151-97DD-F2FE35690C2D}.Debug|Any CPU.Build.0 = Debug|Any CPU
		{32CFC5D1-94E4-4151-97DD-F2FE35690C2D}.Release|Any CPU.ActiveCfg = Release|Any CPU
		{32CFC5D1-94E4-4151-97DD-F2FE35690C2D}.Release|Any CPU.Build.0 = Release|Any CPU
	EndGlobalSection
	GlobalSection(SolutionProperties) = preSolution
		HideSolutionNode = FALSE
	EndGlobalSection
	GlobalSection(ExtensibilityGlobals) = postSolution
		SolutionGuid = {A7333E1A-D2D2-4B7E-AB61-E92554F25678}
	EndGlobalSection
EndGlobal
